// !$*UTF8*$!
{
	archiveVersion = 1;
	classes = {
	};
	objectVersion = 50;
	objects = {

/* Begin PBXBuildFile section */
		0B49A6C92422484200823960 /* CreateNewTeamViewController.swift in Sources */ = {isa = PBXBuildFile; fileRef = 0B49A6C82422484200823960 /* CreateNewTeamViewController.swift */; };
		0B8AF2B024225C6000927500 /* CreateNewRoomViewController.swift in Sources */ = {isa = PBXBuildFile; fileRef = 0B8AF2AE24225C6000927500 /* CreateNewRoomViewController.swift */; };
		0B8AF2B32422662300927500 /* CreateNewGroupViewController.swift in Sources */ = {isa = PBXBuildFile; fileRef = 0B8AF2B22422662300927500 /* CreateNewGroupViewController.swift */; };
		0B8AF2B52422739900927500 /* CreateNewPersonViewController.swift in Sources */ = {isa = PBXBuildFile; fileRef = 0B8AF2B42422739900927500 /* CreateNewPersonViewController.swift */; };
		0BF701582422856B000139EE /* CreateNewTeamFromCompanyViewController.swift in Sources */ = {isa = PBXBuildFile; fileRef = 0BF701572422856B000139EE /* CreateNewTeamFromCompanyViewController.swift */; };
		DE46CA49241B6E3E00444043 /* CreateNewOfficeViewController.swift in Sources */ = {isa = PBXBuildFile; fileRef = DE46CA48241B6E3E00444043 /* CreateNewOfficeViewController.swift */; };
		DE46CA4B241B7E2B00444043 /* NewOfficeUIModel.swift in Sources */ = {isa = PBXBuildFile; fileRef = DE46CA4A241B7E2B00444043 /* NewOfficeUIModel.swift */; };
		DE46CA4D241B9F8700444043 /* TestWindowController.swift in Sources */ = {isa = PBXBuildFile; fileRef = DE46CA4C241B9F8700444043 /* TestWindowController.swift */; };
		DE46CA4F241BCD4700444043 /* CreatorManager.swift in Sources */ = {isa = PBXBuildFile; fileRef = DE46CA4E241BCD4700444043 /* CreatorManager.swift */; };
		DE91D677240FC355003F7D93 /* AppDelegate.swift in Sources */ = {isa = PBXBuildFile; fileRef = DE91D676240FC355003F7D93 /* AppDelegate.swift */; };
		DE91D67C240FC355003F7D93 /* CoreDataTest.xcdatamodeld in Sources */ = {isa = PBXBuildFile; fileRef = DE91D67A240FC355003F7D93 /* CoreDataTest.xcdatamodeld */; };
		DE91D67E240FC357003F7D93 /* Assets.xcassets in Resources */ = {isa = PBXBuildFile; fileRef = DE91D67D240FC357003F7D93 /* Assets.xcassets */; };
		DE91D681240FC357003F7D93 /* Main.storyboard in Resources */ = {isa = PBXBuildFile; fileRef = DE91D67F240FC357003F7D93 /* Main.storyboard */; };
		DE91D690240FD9AF003F7D93 /* Employee.swift in Sources */ = {isa = PBXBuildFile; fileRef = DE91D68F240FD9AF003F7D93 /* Employee.swift */; };
		DE91D692240FD9C7003F7D93 /* CoreManager.swift in Sources */ = {isa = PBXBuildFile; fileRef = DE91D691240FD9C7003F7D93 /* CoreManager.swift */; };
		DE91D694240FDA27003F7D93 /* MainVC.swift in Sources */ = {isa = PBXBuildFile; fileRef = DE91D693240FDA27003F7D93 /* MainVC.swift */; };
		DE91D698241139B2003F7D93 /* Company.swift in Sources */ = {isa = PBXBuildFile; fileRef = DE91D697241139B2003F7D93 /* Company.swift */; };
		DE91D69A24113A46003F7D93 /* Office.swift in Sources */ = {isa = PBXBuildFile; fileRef = DE91D69924113A46003F7D93 /* Office.swift */; };
		DE91D69C24113B43003F7D93 /* Room.swift in Sources */ = {isa = PBXBuildFile; fileRef = DE91D69B24113B43003F7D93 /* Room.swift */; };
		DE91D69E24113B9E003F7D93 /* Team.swift in Sources */ = {isa = PBXBuildFile; fileRef = DE91D69D24113B9E003F7D93 /* Team.swift */; };
		DE91D6A024113C52003F7D93 /* Group.swift in Sources */ = {isa = PBXBuildFile; fileRef = DE91D69F24113C52003F7D93 /* Group.swift */; };
		DEB591B8241A9F3E0087D51E /* CustomWindow.storyboard in Resources */ = {isa = PBXBuildFile; fileRef = DEB591B7241A9F3E0087D51E /* CustomWindow.storyboard */; };
		DEDDA99A24114CB60027CF2C /* TableViewFirstColumnProtocol.swift in Sources */ = {isa = PBXBuildFile; fileRef = DEDDA99924114CB60027CF2C /* TableViewFirstColumnProtocol.swift */; };
		DEDDA99C241800AF0027CF2C /* HistoryManager.swift in Sources */ = {isa = PBXBuildFile; fileRef = DEDDA99B241800AF0027CF2C /* HistoryManager.swift */; };
/* End PBXBuildFile section */

/* Begin PBXFileReference section */
		0B49A6C82422484200823960 /* CreateNewTeamViewController.swift */ = {isa = PBXFileReference; lastKnownFileType = sourcecode.swift; path = CreateNewTeamViewController.swift; sourceTree = "<group>"; };
		0B8AF2AE24225C6000927500 /* CreateNewRoomViewController.swift */ = {isa = PBXFileReference; lastKnownFileType = sourcecode.swift; path = CreateNewRoomViewController.swift; sourceTree = "<group>"; };
		0B8AF2B22422662300927500 /* CreateNewGroupViewController.swift */ = {isa = PBXFileReference; lastKnownFileType = sourcecode.swift; path = CreateNewGroupViewController.swift; sourceTree = "<group>"; };
		0B8AF2B42422739900927500 /* CreateNewPersonViewController.swift */ = {isa = PBXFileReference; lastKnownFileType = sourcecode.swift; path = CreateNewPersonViewController.swift; sourceTree = "<group>"; };
		0BF701572422856B000139EE /* CreateNewTeamFromCompanyViewController.swift */ = {isa = PBXFileReference; lastKnownFileType = sourcecode.swift; path = CreateNewTeamFromCompanyViewController.swift; sourceTree = "<group>"; };
		DE46CA48241B6E3E00444043 /* CreateNewOfficeViewController.swift */ = {isa = PBXFileReference; lastKnownFileType = sourcecode.swift; path = CreateNewOfficeViewController.swift; sourceTree = "<group>"; };
		DE46CA4A241B7E2B00444043 /* NewOfficeUIModel.swift */ = {isa = PBXFileReference; lastKnownFileType = sourcecode.swift; path = NewOfficeUIModel.swift; sourceTree = "<group>"; };
		DE46CA4C241B9F8700444043 /* TestWindowController.swift */ = {isa = PBXFileReference; lastKnownFileType = sourcecode.swift; path = TestWindowController.swift; sourceTree = "<group>"; };
		DE46CA4E241BCD4700444043 /* CreatorManager.swift */ = {isa = PBXFileReference; lastKnownFileType = sourcecode.swift; path = CreatorManager.swift; sourceTree = "<group>"; };
		DE91D673240FC355003F7D93 /* CoreDataTest.app */ = {isa = PBXFileReference; explicitFileType = wrapper.application; includeInIndex = 0; path = CoreDataTest.app; sourceTree = BUILT_PRODUCTS_DIR; };
		DE91D676240FC355003F7D93 /* AppDelegate.swift */ = {isa = PBXFileReference; lastKnownFileType = sourcecode.swift; path = AppDelegate.swift; sourceTree = "<group>"; };
		DE91D67B240FC355003F7D93 /* CoreDataTest.xcdatamodel */ = {isa = PBXFileReference; lastKnownFileType = wrapper.xcdatamodel; path = CoreDataTest.xcdatamodel; sourceTree = "<group>"; };
		DE91D67D240FC357003F7D93 /* Assets.xcassets */ = {isa = PBXFileReference; lastKnownFileType = folder.assetcatalog; path = Assets.xcassets; sourceTree = "<group>"; };
		DE91D680240FC357003F7D93 /* Base */ = {isa = PBXFileReference; lastKnownFileType = file.storyboard; name = Base; path = Base.lproj/Main.storyboard; sourceTree = "<group>"; };
		DE91D682240FC357003F7D93 /* Info.plist */ = {isa = PBXFileReference; lastKnownFileType = text.plist.xml; path = Info.plist; sourceTree = "<group>"; };
		DE91D683240FC357003F7D93 /* CoreDataTest.entitlements */ = {isa = PBXFileReference; lastKnownFileType = text.plist.entitlements; path = CoreDataTest.entitlements; sourceTree = "<group>"; };
		DE91D68F240FD9AF003F7D93 /* Employee.swift */ = {isa = PBXFileReference; lastKnownFileType = sourcecode.swift; path = Employee.swift; sourceTree = "<group>"; };
		DE91D691240FD9C7003F7D93 /* CoreManager.swift */ = {isa = PBXFileReference; lastKnownFileType = sourcecode.swift; path = CoreManager.swift; sourceTree = "<group>"; };
		DE91D693240FDA27003F7D93 /* MainVC.swift */ = {isa = PBXFileReference; lastKnownFileType = sourcecode.swift; path = MainVC.swift; sourceTree = "<group>"; };
		DE91D697241139B2003F7D93 /* Company.swift */ = {isa = PBXFileReference; lastKnownFileType = sourcecode.swift; path = Company.swift; sourceTree = "<group>"; };
		DE91D69924113A46003F7D93 /* Office.swift */ = {isa = PBXFileReference; lastKnownFileType = sourcecode.swift; path = Office.swift; sourceTree = "<group>"; };
		DE91D69B24113B43003F7D93 /* Room.swift */ = {isa = PBXFileReference; lastKnownFileType = sourcecode.swift; path = Room.swift; sourceTree = "<group>"; };
		DE91D69D24113B9E003F7D93 /* Team.swift */ = {isa = PBXFileReference; lastKnownFileType = sourcecode.swift; path = Team.swift; sourceTree = "<group>"; };
		DE91D69F24113C52003F7D93 /* Group.swift */ = {isa = PBXFileReference; lastKnownFileType = sourcecode.swift; path = Group.swift; sourceTree = "<group>"; };
		DEB591B7241A9F3E0087D51E /* CustomWindow.storyboard */ = {isa = PBXFileReference; lastKnownFileType = file.storyboard; path = CustomWindow.storyboard; sourceTree = "<group>"; };
		DEDDA99924114CB60027CF2C /* TableViewFirstColumnProtocol.swift */ = {isa = PBXFileReference; lastKnownFileType = sourcecode.swift; path = TableViewFirstColumnProtocol.swift; sourceTree = "<group>"; };
		DEDDA99B241800AF0027CF2C /* HistoryManager.swift */ = {isa = PBXFileReference; lastKnownFileType = sourcecode.swift; path = HistoryManager.swift; sourceTree = "<group>"; };
/* End PBXFileReference section */

/* Begin PBXFrameworksBuildPhase section */
		DE91D670240FC355003F7D93 /* Frameworks */ = {
			isa = PBXFrameworksBuildPhase;
			buildActionMask = 2147483647;
			files = (
			);
			runOnlyForDeploymentPostprocessing = 0;
		};
/* End PBXFrameworksBuildPhase section */

/* Begin PBXGroup section */
		0B49A6C62422479B00823960 /* Core Data */ = {
			isa = PBXGroup;
			children = (
				DEDDA99924114CB60027CF2C /* TableViewFirstColumnProtocol.swift */,
				DE91D697241139B2003F7D93 /* Company.swift */,
				DE91D69924113A46003F7D93 /* Office.swift */,
				DE91D69B24113B43003F7D93 /* Room.swift */,
				DE91D69D24113B9E003F7D93 /* Team.swift */,
				DE91D69F24113C52003F7D93 /* Group.swift */,
				DE91D68F240FD9AF003F7D93 /* Employee.swift */,
			);
			path = "Core Data";
			sourceTree = "<group>";
		};
		0B49A6C7242247AD00823960 /* Managers */ = {
			isa = PBXGroup;
			children = (
				DE46CA4E241BCD4700444043 /* CreatorManager.swift */,
				DE46CA4A241B7E2B00444043 /* NewOfficeUIModel.swift */,
				DEDDA99B241800AF0027CF2C /* HistoryManager.swift */,
			);
			path = Managers;
			sourceTree = "<group>";
		};
		DE91D66A240FC355003F7D93 = {
			isa = PBXGroup;
			children = (
				DE91D675240FC355003F7D93 /* CoreDataTest */,
				DE91D674240FC355003F7D93 /* Products */,
			);
			sourceTree = "<group>";
		};
		DE91D674240FC355003F7D93 /* Products */ = {
			isa = PBXGroup;
			children = (
				DE91D673240FC355003F7D93 /* CoreDataTest.app */,
			);
			name = Products;
			sourceTree = "<group>";
		};
		DE91D675240FC355003F7D93 /* CoreDataTest */ = {
			isa = PBXGroup;
			children = (
				DE91D683240FC357003F7D93 /* CoreDataTest.entitlements */,
				DE91D689240FD7AA003F7D93 /* Source */,
				DE91D68A240FD827003F7D93 /* Models */,
				DE91D68B240FD842003F7D93 /* Storyboards */,
				DE91D68C240FD85C003F7D93 /* CoreData */,
				DEB591B02418FDE10087D51E /* Nibs */,
				DE91D68D240FD873003F7D93 /* Resources */,
				DE91D68E240FD895003F7D93 /* Plist */,
			);
			path = CoreDataTest;
			sourceTree = "<group>";
		};
		DE91D689240FD7AA003F7D93 /* Source */ = {
			isa = PBXGroup;
			children = (
				DE91D676240FC355003F7D93 /* AppDelegate.swift */,
				DE91D693240FDA27003F7D93 /* MainVC.swift */,
				DE46CA48241B6E3E00444043 /* CreateNewOfficeViewController.swift */,
				0B49A6C82422484200823960 /* CreateNewTeamViewController.swift */,
				0BF701572422856B000139EE /* CreateNewTeamFromCompanyViewController.swift */,
				0B8AF2AE24225C6000927500 /* CreateNewRoomViewController.swift */,
				0B8AF2B22422662300927500 /* CreateNewGroupViewController.swift */,
				0B8AF2B42422739900927500 /* CreateNewPersonViewController.swift */,
				DE46CA4C241B9F8700444043 /* TestWindowController.swift */,
			);
			path = Source;
			sourceTree = "<group>";
		};
		DE91D68A240FD827003F7D93 /* Models */ = {
			isa = PBXGroup;
			children = (
				0B49A6C7242247AD00823960 /* Managers */,
				0B49A6C62422479B00823960 /* Core Data */,
			);
			path = Models;
			sourceTree = "<group>";
		};
		DE91D68B240FD842003F7D93 /* Storyboards */ = {
			isa = PBXGroup;
			children = (
				DE91D67F240FC357003F7D93 /* Main.storyboard */,
				DEB591B7241A9F3E0087D51E /* CustomWindow.storyboard */,
			);
			path = Storyboards;
			sourceTree = "<group>";
		};
		DE91D68C240FD85C003F7D93 /* CoreData */ = {
			isa = PBXGroup;
			children = (
				DE91D67A240FC355003F7D93 /* CoreDataTest.xcdatamodeld */,
				DE91D691240FD9C7003F7D93 /* CoreManager.swift */,
			);
			path = CoreData;
			sourceTree = "<group>";
		};
		DE91D68D240FD873003F7D93 /* Resources */ = {
			isa = PBXGroup;
			children = (
				DE91D67D240FC357003F7D93 /* Assets.xcassets */,
			);
			path = Resources;
			sourceTree = "<group>";
		};
		DE91D68E240FD895003F7D93 /* Plist */ = {
			isa = PBXGroup;
			children = (
				DE91D682240FC357003F7D93 /* Info.plist */,
			);
			path = Plist;
			sourceTree = "<group>";
		};
		DEB591B02418FDE10087D51E /* Nibs */ = {
			isa = PBXGroup;
			children = (
			);
			path = Nibs;
			sourceTree = "<group>";
		};
/* End PBXGroup section */

/* Begin PBXNativeTarget section */
		DE91D672240FC355003F7D93 /* CoreDataTest */ = {
			isa = PBXNativeTarget;
			buildConfigurationList = DE91D686240FC357003F7D93 /* Build configuration list for PBXNativeTarget "CoreDataTest" */;
			buildPhases = (
				DE91D66F240FC355003F7D93 /* Sources */,
				DE91D670240FC355003F7D93 /* Frameworks */,
				DE91D671240FC355003F7D93 /* Resources */,
			);
			buildRules = (
			);
			dependencies = (
			);
			name = CoreDataTest;
			productName = CoreDataTest;
			productReference = DE91D673240FC355003F7D93 /* CoreDataTest.app */;
			productType = "com.apple.product-type.application";
		};
/* End PBXNativeTarget section */

/* Begin PBXProject section */
		DE91D66B240FC355003F7D93 /* Project object */ = {
			isa = PBXProject;
			attributes = {
				LastSwiftUpdateCheck = 1130;
				LastUpgradeCheck = 1130;
				ORGANIZATIONNAME = "Sergey Pogrebnyak";
				TargetAttributes = {
					DE91D672240FC355003F7D93 = {
						CreatedOnToolsVersion = 11.3.1;
					};
				};
			};
			buildConfigurationList = DE91D66E240FC355003F7D93 /* Build configuration list for PBXProject "CoreDataTest" */;
			compatibilityVersion = "Xcode 9.3";
			developmentRegion = en;
			hasScannedForEncodings = 0;
			knownRegions = (
				en,
				Base,
			);
			mainGroup = DE91D66A240FC355003F7D93;
			productRefGroup = DE91D674240FC355003F7D93 /* Products */;
			projectDirPath = "";
			projectRoot = "";
			targets = (
				DE91D672240FC355003F7D93 /* CoreDataTest */,
			);
		};
/* End PBXProject section */

/* Begin PBXResourcesBuildPhase section */
		DE91D671240FC355003F7D93 /* Resources */ = {
			isa = PBXResourcesBuildPhase;
			buildActionMask = 2147483647;
			files = (
				DE91D67E240FC357003F7D93 /* Assets.xcassets in Resources */,
				DEB591B8241A9F3E0087D51E /* CustomWindow.storyboard in Resources */,
				DE91D681240FC357003F7D93 /* Main.storyboard in Resources */,
			);
			runOnlyForDeploymentPostprocessing = 0;
		};
/* End PBXResourcesBuildPhase section */

/* Begin PBXSourcesBuildPhase section */
		DE91D66F240FC355003F7D93 /* Sources */ = {
			isa = PBXSourcesBuildPhase;
			buildActionMask = 2147483647;
			files = (
				0B8AF2B024225C6000927500 /* CreateNewRoomViewController.swift in Sources */,
				DE46CA49241B6E3E00444043 /* CreateNewOfficeViewController.swift in Sources */,
				0B8AF2B52422739900927500 /* CreateNewPersonViewController.swift in Sources */,
				DEDDA99C241800AF0027CF2C /* HistoryManager.swift in Sources */,
				0BF701582422856B000139EE /* CreateNewTeamFromCompanyViewController.swift in Sources */,
				DE91D69E24113B9E003F7D93 /* Team.swift in Sources */,
				DE91D690240FD9AF003F7D93 /* Employee.swift in Sources */,
				DEDDA99A24114CB60027CF2C /* TableViewFirstColumnProtocol.swift in Sources */,
				DE91D69A24113A46003F7D93 /* Office.swift in Sources */,
				DE91D6A024113C52003F7D93 /* Group.swift in Sources */,
				DE91D69C24113B43003F7D93 /* Room.swift in Sources */,
				DE46CA4B241B7E2B00444043 /* NewOfficeUIModel.swift in Sources */,
				DE46CA4D241B9F8700444043 /* TestWindowController.swift in Sources */,
				DE46CA4F241BCD4700444043 /* CreatorManager.swift in Sources */,
				DE91D694240FDA27003F7D93 /* MainVC.swift in Sources */,
				DE91D67C240FC355003F7D93 /* CoreDataTest.xcdatamodeld in Sources */,
				0B8AF2B32422662300927500 /* CreateNewGroupViewController.swift in Sources */,
				0B49A6C92422484200823960 /* CreateNewTeamViewController.swift in Sources */,
				DE91D677240FC355003F7D93 /* AppDelegate.swift in Sources */,
				DE91D692240FD9C7003F7D93 /* CoreManager.swift in Sources */,
				DE91D698241139B2003F7D93 /* Company.swift in Sources */,
			);
			runOnlyForDeploymentPostprocessing = 0;
		};
/* End PBXSourcesBuildPhase section */

/* Begin PBXVariantGroup section */
		DE91D67F240FC357003F7D93 /* Main.storyboard */ = {
			isa = PBXVariantGroup;
			children = (
				DE91D680240FC357003F7D93 /* Base */,
			);
			name = Main.storyboard;
			sourceTree = "<group>";
		};
/* End PBXVariantGroup section */

/* Begin XCBuildConfiguration section */
		DE91D684240FC357003F7D93 /* Debug */ = {
			isa = XCBuildConfiguration;
			buildSettings = {
				ALWAYS_SEARCH_USER_PATHS = NO;
				CLANG_ANALYZER_NONNULL = YES;
				CLANG_ANALYZER_NUMBER_OBJECT_CONVERSION = YES_AGGRESSIVE;
				CLANG_CXX_LANGUAGE_STANDARD = "gnu++14";
				CLANG_CXX_LIBRARY = "libc++";
				CLANG_ENABLE_MODULES = YES;
				CLANG_ENABLE_OBJC_ARC = YES;
				CLANG_ENABLE_OBJC_WEAK = YES;
				CLANG_WARN_BLOCK_CAPTURE_AUTORELEASING = YES;
				CLANG_WARN_BOOL_CONVERSION = YES;
				CLANG_WARN_COMMA = YES;
				CLANG_WARN_CONSTANT_CONVERSION = YES;
				CLANG_WARN_DEPRECATED_OBJC_IMPLEMENTATIONS = YES;
				CLANG_WARN_DIRECT_OBJC_ISA_USAGE = YES_ERROR;
				CLANG_WARN_DOCUMENTATION_COMMENTS = YES;
				CLANG_WARN_EMPTY_BODY = YES;
				CLANG_WARN_ENUM_CONVERSION = YES;
				CLANG_WARN_INFINITE_RECURSION = YES;
				CLANG_WARN_INT_CONVERSION = YES;
				CLANG_WARN_NON_LITERAL_NULL_CONVERSION = YES;
				CLANG_WARN_OBJC_IMPLICIT_RETAIN_SELF = YES;
				CLANG_WARN_OBJC_LITERAL_CONVERSION = YES;
				CLANG_WARN_OBJC_ROOT_CLASS = YES_ERROR;
				CLANG_WARN_RANGE_LOOP_ANALYSIS = YES;
				CLANG_WARN_STRICT_PROTOTYPES = YES;
				CLANG_WARN_SUSPICIOUS_MOVE = YES;
				CLANG_WARN_UNGUARDED_AVAILABILITY = YES_AGGRESSIVE;
				CLANG_WARN_UNREACHABLE_CODE = YES;
				CLANG_WARN__DUPLICATE_METHOD_MATCH = YES;
				COPY_PHASE_STRIP = NO;
				DEBUG_INFORMATION_FORMAT = dwarf;
				ENABLE_STRICT_OBJC_MSGSEND = YES;
				ENABLE_TESTABILITY = YES;
				GCC_C_LANGUAGE_STANDARD = gnu11;
				GCC_DYNAMIC_NO_PIC = NO;
				GCC_NO_COMMON_BLOCKS = YES;
				GCC_OPTIMIZATION_LEVEL = 0;
				GCC_PREPROCESSOR_DEFINITIONS = (
					"DEBUG=1",
					"$(inherited)",
				);
				GCC_WARN_64_TO_32_BIT_CONVERSION = YES;
				GCC_WARN_ABOUT_RETURN_TYPE = YES_ERROR;
				GCC_WARN_UNDECLARED_SELECTOR = YES;
				GCC_WARN_UNINITIALIZED_AUTOS = YES_AGGRESSIVE;
				GCC_WARN_UNUSED_FUNCTION = YES;
				GCC_WARN_UNUSED_VARIABLE = YES;
				MACOSX_DEPLOYMENT_TARGET = 10.12;
				MTL_ENABLE_DEBUG_INFO = INCLUDE_SOURCE;
				MTL_FAST_MATH = YES;
				ONLY_ACTIVE_ARCH = YES;
				SDKROOT = macosx;
				SWIFT_ACTIVE_COMPILATION_CONDITIONS = DEBUG;
				SWIFT_OPTIMIZATION_LEVEL = "-Onone";
			};
			name = Debug;
		};
		DE91D685240FC357003F7D93 /* Release */ = {
			isa = XCBuildConfiguration;
			buildSettings = {
				ALWAYS_SEARCH_USER_PATHS = NO;
				CLANG_ANALYZER_NONNULL = YES;
				CLANG_ANALYZER_NUMBER_OBJECT_CONVERSION = YES_AGGRESSIVE;
				CLANG_CXX_LANGUAGE_STANDARD = "gnu++14";
				CLANG_CXX_LIBRARY = "libc++";
				CLANG_ENABLE_MODULES = YES;
				CLANG_ENABLE_OBJC_ARC = YES;
				CLANG_ENABLE_OBJC_WEAK = YES;
				CLANG_WARN_BLOCK_CAPTURE_AUTORELEASING = YES;
				CLANG_WARN_BOOL_CONVERSION = YES;
				CLANG_WARN_COMMA = YES;
				CLANG_WARN_CONSTANT_CONVERSION = YES;
				CLANG_WARN_DEPRECATED_OBJC_IMPLEMENTATIONS = YES;
				CLANG_WARN_DIRECT_OBJC_ISA_USAGE = YES_ERROR;
				CLANG_WARN_DOCUMENTATION_COMMENTS = YES;
				CLANG_WARN_EMPTY_BODY = YES;
				CLANG_WARN_ENUM_CONVERSION = YES;
				CLANG_WARN_INFINITE_RECURSION = YES;
				CLANG_WARN_INT_CONVERSION = YES;
				CLANG_WARN_NON_LITERAL_NULL_CONVERSION = YES;
				CLANG_WARN_OBJC_IMPLICIT_RETAIN_SELF = YES;
				CLANG_WARN_OBJC_LITERAL_CONVERSION = YES;
				CLANG_WARN_OBJC_ROOT_CLASS = YES_ERROR;
				CLANG_WARN_RANGE_LOOP_ANALYSIS = YES;
				CLANG_WARN_STRICT_PROTOTYPES = YES;
				CLANG_WARN_SUSPICIOUS_MOVE = YES;
				CLANG_WARN_UNGUARDED_AVAILABILITY = YES_AGGRESSIVE;
				CLANG_WARN_UNREACHABLE_CODE = YES;
				CLANG_WARN__DUPLICATE_METHOD_MATCH = YES;
				COPY_PHASE_STRIP = NO;
				DEBUG_INFORMATION_FORMAT = "dwarf-with-dsym";
				ENABLE_NS_ASSERTIONS = NO;
				ENABLE_STRICT_OBJC_MSGSEND = YES;
				GCC_C_LANGUAGE_STANDARD = gnu11;
				GCC_NO_COMMON_BLOCKS = YES;
				GCC_WARN_64_TO_32_BIT_CONVERSION = YES;
				GCC_WARN_ABOUT_RETURN_TYPE = YES_ERROR;
				GCC_WARN_UNDECLARED_SELECTOR = YES;
				GCC_WARN_UNINITIALIZED_AUTOS = YES_AGGRESSIVE;
				GCC_WARN_UNUSED_FUNCTION = YES;
				GCC_WARN_UNUSED_VARIABLE = YES;
				MACOSX_DEPLOYMENT_TARGET = 10.12;
				MTL_ENABLE_DEBUG_INFO = NO;
				MTL_FAST_MATH = YES;
				SDKROOT = macosx;
				SWIFT_COMPILATION_MODE = wholemodule;
				SWIFT_OPTIMIZATION_LEVEL = "-O";
			};
			name = Release;
		};
		DE91D687240FC357003F7D93 /* Debug */ = {
			isa = XCBuildConfiguration;
			buildSettings = {
				ASSETCATALOG_COMPILER_APPICON_NAME = AppIcon;
				CODE_SIGN_ENTITLEMENTS = CoreDataTest/CoreDataTest.entitlements;
				CODE_SIGN_STYLE = Automatic;
				COMBINE_HIDPI_IMAGES = YES;
				DEVELOPMENT_TEAM = YQ63ZZYZV7;
				ENABLE_HARDENED_RUNTIME = YES;
				INFOPLIST_FILE = CoreDataTest/Plist/Info.plist;
				LD_RUNPATH_SEARCH_PATHS = (
					"$(inherited)",
					"@executable_path/../Frameworks",
				);
				MACOSX_DEPLOYMENT_TARGET = 10.12;
				PRODUCT_BUNDLE_IDENTIFIER = SergP.CoreDataTest;
				PRODUCT_NAME = "$(TARGET_NAME)";
				SWIFT_VERSION = 5.0;
			};
			name = Debug;
		};
		DE91D688240FC357003F7D93 /* Release */ = {
			isa = XCBuildConfiguration;
			buildSettings = {
				ASSETCATALOG_COMPILER_APPICON_NAME = AppIcon;
				CODE_SIGN_ENTITLEMENTS = CoreDataTest/CoreDataTest.entitlements;
				CODE_SIGN_STYLE = Automatic;
				COMBINE_HIDPI_IMAGES = YES;
				DEVELOPMENT_TEAM = YQ63ZZYZV7;
				ENABLE_HARDENED_RUNTIME = YES;
				INFOPLIST_FILE = CoreDataTest/Plist/Info.plist;
				LD_RUNPATH_SEARCH_PATHS = (
					"$(inherited)",
					"@executable_path/../Frameworks",
				);
				MACOSX_DEPLOYMENT_TARGET = 10.12;
				PRODUCT_BUNDLE_IDENTIFIER = SergP.CoreDataTest;
				PRODUCT_NAME = "$(TARGET_NAME)";
				SWIFT_VERSION = 5.0;
			};
			name = Release;
		};
/* End XCBuildConfiguration section */

/* Begin XCConfigurationList section */
		DE91D66E240FC355003F7D93 /* Build configuration list for PBXProject "CoreDataTest" */ = {
			isa = XCConfigurationList;
			buildConfigurations = (
				DE91D684240FC357003F7D93 /* Debug */,
				DE91D685240FC357003F7D93 /* Release */,
			);
			defaultConfigurationIsVisible = 0;
			defaultConfigurationName = Release;
		};
		DE91D686240FC357003F7D93 /* Build configuration list for PBXNativeTarget "CoreDataTest" */ = {
			isa = XCConfigurationList;
			buildConfigurations = (
				DE91D687240FC357003F7D93 /* Debug */,
				DE91D688240FC357003F7D93 /* Release */,
			);
			defaultConfigurationIsVisible = 0;
			defaultConfigurationName = Release;
		};
/* End XCConfigurationList section */

/* Begin XCVersionGroup section */
		DE91D67A240FC355003F7D93 /* CoreDataTest.xcdatamodeld */ = {
			isa = XCVersionGroup;
			children = (
				DE91D67B240FC355003F7D93 /* CoreDataTest.xcdatamodel */,
			);
			currentVersion = DE91D67B240FC355003F7D93 /* CoreDataTest.xcdatamodel */;
			path = CoreDataTest.xcdatamodeld;
			sourceTree = "<group>";
			versionGroupType = wrapper.xcdatamodel;
		};
/* End XCVersionGroup section */
	};
	rootObject = DE91D66B240FC355003F7D93 /* Project object */;
}
